
Microsoft Visual Studio Solution File, Format Version 12.00
# Visual Studio 14
VisualStudioVersion = 14.0.25420.1
MinimumVisualStudioVersion = 10.0.40219.1
Project("{FAE04EC0-301F-11D3-BF4B-00C04F79EFBC}") = "BF.Common", "02 Commons\BF.Common\BF.Common.csproj", "{FFD8F5E7-963A-4FBF-B6F1-5FED0C14547C}"
EndProject
Project("{2150E333-8FDC-42A3-9474-1A3956D46DE8}") = "02 Commons", "02 Commons", "{574645AD-CEC4-4B04-8E5C-780CBC14B1E8}"
EndProject
Project("{2150E333-8FDC-42A3-9474-1A3956D46DE8}") = "01 Reference", "01 Reference", "{5A663EC1-B5CA-4EC8-9CF6-7FFDD3D4979D}"
EndProject
Project("{2150E333-8FDC-42A3-9474-1A3956D46DE8}") = "03 Models", "03 Models", "{6EEE09B5-F73B-4FEA-8939-6F9988678D67}"
EndProject
Project("{2150E333-8FDC-42A3-9474-1A3956D46DE8}") = "04 Interface", "04 Interface", "{FEBC0F27-F2A2-4D23-B5CD-D9C7AE334852}"
EndProject
Project("{2150E333-8FDC-42A3-9474-1A3956D46DE8}") = "05 Logic", "05 Logic", "{084B960B-B6A0-4449-A56C-21A357A108F4}"
EndProject
Project("{2150E333-8FDC-42A3-9474-1A3956D46DE8}") = "06 WebAPI", "06 WebAPI", "{2B595582-C5F8-4E00-AE92-DEBCF3450BEE}"
EndProject
Project("{2150E333-8FDC-42A3-9474-1A3956D46DE8}") = "07 Web", "07 Web", "{A7189049-B900-49BA-BADD-3B8577D74B75}"
EndProject
Project("{FAE04EC0-301F-11D3-BF4B-00C04F79EFBC}") = "BF.BackWebAPI", "06 WebAPI\BF.BackWebAPI\BF.BackWebAPI.csproj", "{CF3987E4-7F87-4E95-8BDC-A12C948AFBC5}"
EndProject
Project("{FAE04EC0-301F-11D3-BF4B-00C04F79EFBC}") = "BF.PublicConfig", "02 Commons\BF.PublicConfig\BF.PublicConfig.csproj", "{2E62B7AA-4B14-4AF6-B362-82AE7824A2DC}"
EndProject
Project("{2150E333-8FDC-42A3-9474-1A3956D46DE8}") = "Common", "Common", "{FD606449-A8B6-49A2-B232-5D4CBB1012CB}"
	ProjectSection(SolutionItems) = preProject
		01 Reference\Common\log4net.dll = 01 Reference\Common\log4net.dll
		01 Reference\Common\Newtonsoft.Json.dll = 01 Reference\Common\Newtonsoft.Json.dll
		01 Reference\Common\RestSharp.dll = 01 Reference\Common\RestSharp.dll
	EndProjectSection
EndProject
Project("{2150E333-8FDC-42A3-9474-1A3956D46DE8}") = "EnterLib", "EnterLib", "{F46F2C45-70FA-49B8-BD65-8CF9EC584356}"
	ProjectSection(SolutionItems) = preProject
		01 Reference\EnterLib\Microsoft.Office.Interop.Excel.dll = 01 Reference\EnterLib\Microsoft.Office.Interop.Excel.dll
		01 Reference\EnterLib\Microsoft.Practices.EnterpriseLibrary.Caching.dll = 01 Reference\EnterLib\Microsoft.Practices.EnterpriseLibrary.Caching.dll
		01 Reference\EnterLib\Microsoft.Practices.EnterpriseLibrary.Common.dll = 01 Reference\EnterLib\Microsoft.Practices.EnterpriseLibrary.Common.dll
		01 Reference\EnterLib\Microsoft.Practices.EnterpriseLibrary.Data.dll = 01 Reference\EnterLib\Microsoft.Practices.EnterpriseLibrary.Data.dll
		01 Reference\EnterLib\Microsoft.Practices.EnterpriseLibrary.Data.SqlCe.dll = 01 Reference\EnterLib\Microsoft.Practices.EnterpriseLibrary.Data.SqlCe.dll
		01 Reference\EnterLib\Microsoft.Practices.ServiceLocation.dll = 01 Reference\EnterLib\Microsoft.Practices.ServiceLocation.dll
		01 Reference\EnterLib\Microsoft.Practices.Unity.Configuration.dll = 01 Reference\EnterLib\Microsoft.Practices.Unity.Configuration.dll
		01 Reference\EnterLib\Microsoft.Practices.Unity.dll = 01 Reference\EnterLib\Microsoft.Practices.Unity.dll
		01 Reference\EnterLib\Microsoft.Practices.Unity.Interception.Configuration.dll = 01 Reference\EnterLib\Microsoft.Practices.Unity.Interception.Configuration.dll
		01 Reference\EnterLib\Microsoft.Practices.Unity.Interception.dll = 01 Reference\EnterLib\Microsoft.Practices.Unity.Interception.dll
	EndProjectSection
EndProject
Project("{2150E333-8FDC-42A3-9474-1A3956D46DE8}") = "IOC", "IOC", "{3E0D25D5-15BA-4ECC-92A5-71512FC90C10}"
	ProjectSection(SolutionItems) = preProject
		01 Reference\IOC\StructureMap.dll = 01 Reference\IOC\StructureMap.dll
	EndProjectSection
EndProject
Project("{2150E333-8FDC-42A3-9474-1A3956D46DE8}") = "Memcached", "Memcached", "{55EB43F9-E61B-4134-8D01-B6DBD134C580}"
	ProjectSection(SolutionItems) = preProject
		01 Reference\Memcached\Enyim.Caching.dll = 01 Reference\Memcached\Enyim.Caching.dll
		01 Reference\Memcached\Memcached.ClientLibrary.dll = 01 Reference\Memcached\Memcached.ClientLibrary.dll
		01 Reference\Memcached\MemcachedProviders.dll = 01 Reference\Memcached\MemcachedProviders.dll
	EndProjectSection
EndProject
Project("{2150E333-8FDC-42A3-9474-1A3956D46DE8}") = "MySql", "MySql", "{7C8A7B29-2C58-49A2-BDB6-15F569275039}"
	ProjectSection(SolutionItems) = preProject
		01 Reference\MySql\FastReflectionLib.dll = 01 Reference\MySql\FastReflectionLib.dll
		01 Reference\MySql\MySql.Data.dll = 01 Reference\MySql\MySql.Data.dll
	EndProjectSection
EndProject
Project("{2150E333-8FDC-42A3-9474-1A3956D46DE8}") = "项目文件", "项目文件", "{8FC65F89-1E3E-4F76-8D9C-233BB7B22E68}"
	ProjectSection(SolutionItems) = preProject
		G:\OneDrive\智能茶壶\table_all.sql = G:\OneDrive\智能茶壶\table_all.sql
		01 Reference\项目文件\手机app.pdf = 01 Reference\项目文件\手机app.pdf
		01 Reference\项目文件\智能水壶V1.0.0.35.docx = 01 Reference\项目文件\智能水壶V1.0.0.35.docx
		01 Reference\项目文件\智能水壶V1.0.0.36.docx = 01 Reference\项目文件\智能水壶V1.0.0.36.docx
		01 Reference\项目文件\智能水壶V1.0.0.37.docx = 01 Reference\项目文件\智能水壶V1.0.0.37.docx
		01 Reference\项目文件\智能水壶V1.0.0.38.docx = 01 Reference\项目文件\智能水壶V1.0.0.38.docx
		01 Reference\项目文件\智能水壶V1.0.0.39.docx = 01 Reference\项目文件\智能水壶V1.0.0.39.docx
		01 Reference\项目文件\智能水壶V1.0.0.40.docx = 01 Reference\项目文件\智能水壶V1.0.0.40.docx
		01 Reference\项目文件\智能水壶V1.0.0.41.docx = 01 Reference\项目文件\智能水壶V1.0.0.41.docx
		01 Reference\项目文件\智能水壶V1.0.0.42.docx = 01 Reference\项目文件\智能水壶V1.0.0.42.docx
		01 Reference\项目文件\智能水壶V1.0.0.43.docx = 01 Reference\项目文件\智能水壶V1.0.0.43.docx
		01 Reference\项目文件\智能水壶V1.0.0.44.docx = 01 Reference\项目文件\智能水壶V1.0.0.44.docx
		01 Reference\项目文件\智能水壶V1.0.0.46.docx = 01 Reference\项目文件\智能水壶V1.0.0.46.docx
		01 Reference\项目文件\智能水壶V1.0.0.47.docx = 01 Reference\项目文件\智能水壶V1.0.0.47.docx
		01 Reference\项目文件\智能水壶V1.0.0.48.docx = 01 Reference\项目文件\智能水壶V1.0.0.48.docx
		01 Reference\项目文件\表SQL.txt = 01 Reference\项目文件\表SQL.txt
		01 Reference\项目文件\表设计.txt = 01 Reference\项目文件\表设计.txt
	EndProjectSection
EndProject
Project("{2150E333-8FDC-42A3-9474-1A3956D46DE8}") = "Web", "Web", "{95FCB11F-E5B0-4B71-99CA-ACD5ED7EBF33}"
	ProjectSection(SolutionItems) = preProject
		01 Reference\Web\System.Net.Http.Formatting.dll = 01 Reference\Web\System.Net.Http.Formatting.dll
		01 Reference\Web\System.Web.Http.dll = 01 Reference\Web\System.Web.Http.dll
		01 Reference\Web\System.Web.Http.WebHost.dll = 01 Reference\Web\System.Web.Http.WebHost.dll
	EndProjectSection
EndProject
Project("{2150E333-8FDC-42A3-9474-1A3956D46DE8}") = "SQL", "SQL", "{6BAB3AF7-9223-45C1-8922-67FA7C4BE806}"
	ProjectSection(SolutionItems) = preProject
		01 Reference\项目文件\SQL\初始化数据.sql = 01 Reference\项目文件\SQL\初始化数据.sql
		01 Reference\项目文件\SQL\初始化脚本.sql = 01 Reference\项目文件\SQL\初始化脚本.sql
	EndProjectSection
EndProject
Global
	GlobalSection(SolutionConfigurationPlatforms) = preSolution
		Debug|Any CPU = Debug|Any CPU
		Release|Any CPU = Release|Any CPU
	EndGlobalSection
	GlobalSection(ProjectConfigurationPlatforms) = postSolution
		{FFD8F5E7-963A-4FBF-B6F1-5FED0C14547C}.Debug|Any CPU.ActiveCfg = Debug|Any CPU
		{FFD8F5E7-963A-4FBF-B6F1-5FED0C14547C}.Debug|Any CPU.Build.0 = Debug|Any CPU
		{FFD8F5E7-963A-4FBF-B6F1-5FED0C14547C}.Release|Any CPU.ActiveCfg = Release|Any CPU
		{FFD8F5E7-963A-4FBF-B6F1-5FED0C14547C}.Release|Any CPU.Build.0 = Release|Any CPU
		{CF3987E4-7F87-4E95-8BDC-A12C948AFBC5}.Debug|Any CPU.ActiveCfg = Debug|Any CPU
		{CF3987E4-7F87-4E95-8BDC-A12C948AFBC5}.Debug|Any CPU.Build.0 = Debug|Any CPU
		{CF3987E4-7F87-4E95-8BDC-A12C948AFBC5}.Release|Any CPU.ActiveCfg = Release|Any CPU
		{CF3987E4-7F87-4E95-8BDC-A12C948AFBC5}.Release|Any CPU.Build.0 = Release|Any CPU
		{2E62B7AA-4B14-4AF6-B362-82AE7824A2DC}.Debug|Any CPU.ActiveCfg = Debug|Any CPU
		{2E62B7AA-4B14-4AF6-B362-82AE7824A2DC}.Debug|Any CPU.Build.0 = Debug|Any CPU
		{2E62B7AA-4B14-4AF6-B362-82AE7824A2DC}.Release|Any CPU.ActiveCfg = Release|Any CPU
		{2E62B7AA-4B14-4AF6-B362-82AE7824A2DC}.Release|Any CPU.Build.0 = Release|Any CPU
	EndGlobalSection
	GlobalSection(SolutionProperties) = preSolution
		HideSolutionNode = FALSE
	EndGlobalSection
	GlobalSection(NestedProjects) = preSolution
		{FFD8F5E7-963A-4FBF-B6F1-5FED0C14547C} = {574645AD-CEC4-4B04-8E5C-780CBC14B1E8}
		{CF3987E4-7F87-4E95-8BDC-A12C948AFBC5} = {2B595582-C5F8-4E00-AE92-DEBCF3450BEE}
		{2E62B7AA-4B14-4AF6-B362-82AE7824A2DC} = {574645AD-CEC4-4B04-8E5C-780CBC14B1E8}
		{FD606449-A8B6-49A2-B232-5D4CBB1012CB} = {5A663EC1-B5CA-4EC8-9CF6-7FFDD3D4979D}
		{F46F2C45-70FA-49B8-BD65-8CF9EC584356} = {5A663EC1-B5CA-4EC8-9CF6-7FFDD3D4979D}
		{3E0D25D5-15BA-4ECC-92A5-71512FC90C10} = {5A663EC1-B5CA-4EC8-9CF6-7FFDD3D4979D}
		{55EB43F9-E61B-4134-8D01-B6DBD134C580} = {5A663EC1-B5CA-4EC8-9CF6-7FFDD3D4979D}
		{7C8A7B29-2C58-49A2-BDB6-15F569275039} = {5A663EC1-B5CA-4EC8-9CF6-7FFDD3D4979D}
		{8FC65F89-1E3E-4F76-8D9C-233BB7B22E68} = {5A663EC1-B5CA-4EC8-9CF6-7FFDD3D4979D}
		{95FCB11F-E5B0-4B71-99CA-ACD5ED7EBF33} = {5A663EC1-B5CA-4EC8-9CF6-7FFDD3D4979D}
		{6BAB3AF7-9223-45C1-8922-67FA7C4BE806} = {8FC65F89-1E3E-4F76-8D9C-233BB7B22E68}
	EndGlobalSection
EndGlobal
